// !$*UTF8*$!
{
	archiveVersion = 1;
	classes = {
	};
	objectVersion = 56;
	objects = {

/* Begin PBXBuildFile section */
		E62AF4D02C8FEF8D009764C1 /* LandmarksApp.swift in Sources */ = {isa = PBXBuildFile; fileRef = E62AF4CF2C8FEF8D009764C1 /* LandmarksApp.swift */; };
		E62AF4D22C8FEF8D009764C1 /* ContentView.swift in Sources */ = {isa = PBXBuildFile; fileRef = E62AF4D12C8FEF8D009764C1 /* ContentView.swift */; };
		E62AF4D42C8FEF8F009764C1 /* Assets.xcassets in Resources */ = {isa = PBXBuildFile; fileRef = E62AF4D32C8FEF8F009764C1 /* Assets.xcassets */; };
		E62AF4D72C8FEF8F009764C1 /* Preview Assets.xcassets in Resources */ = {isa = PBXBuildFile; fileRef = E62AF4D62C8FEF8F009764C1 /* Preview Assets.xcassets */; };
		E62AF4E02C8FEFC5009764C1 /* MapView.swift in Sources */ = {isa = PBXBuildFile; fileRef = E62AF4DF2C8FEFC5009764C1 /* MapView.swift */; };
		E62AF4E22C8FF00D009764C1 /* CircleImage.swift in Sources */ = {isa = PBXBuildFile; fileRef = E62AF4E12C8FF00D009764C1 /* CircleImage.swift */; };
		E62AF4E42C8FF05B009764C1 /* landmarkData.json in Resources */ = {isa = PBXBuildFile; fileRef = E62AF4E32C8FF05B009764C1 /* landmarkData.json */; };
		E62AF4E62C8FF085009764C1 /* LandmarkRow.swift in Sources */ = {isa = PBXBuildFile; fileRef = E62AF4E52C8FF085009764C1 /* LandmarkRow.swift */; };
		E62AF4E82C8FF0BE009764C1 /* Landmark.swift in Sources */ = {isa = PBXBuildFile; fileRef = E62AF4E72C8FF0BE009764C1 /* Landmark.swift */; };
		E62AF4EA2C8FF0D4009764C1 /* ModelData.swift in Sources */ = {isa = PBXBuildFile; fileRef = E62AF4E92C8FF0D4009764C1 /* ModelData.swift */; };
		E62AF4EC2C8FF30C009764C1 /* LandmarksList.swift in Sources */ = {isa = PBXBuildFile; fileRef = E62AF4EB2C8FF30C009764C1 /* LandmarksList.swift */; };
		E62AF4EE2C8FF3EE009764C1 /* LandmarkDetail.swift in Sources */ = {isa = PBXBuildFile; fileRef = E62AF4ED2C8FF3EE009764C1 /* LandmarkDetail.swift */; };
		E62AF4F02C900212009764C1 /* FavoriteButton.swift in Sources */ = {isa = PBXBuildFile; fileRef = E62AF4EF2C900212009764C1 /* FavoriteButton.swift */; };
/* End PBXBuildFile section */

/* Begin PBXFileReference section */
		E62AF4CC2C8FEF8D009764C1 /* Landmarks.app */ = {isa = PBXFileReference; explicitFileType = wrapper.application; includeInIndex = 0; path = Landmarks.app; sourceTree = BUILT_PRODUCTS_DIR; };
		E62AF4CF2C8FEF8D009764C1 /* LandmarksApp.swift */ = {isa = PBXFileReference; lastKnownFileType = sourcecode.swift; path = LandmarksApp.swift; sourceTree = "<group>"; };
		E62AF4D12C8FEF8D009764C1 /* ContentView.swift */ = {isa = PBXFileReference; lastKnownFileType = sourcecode.swift; path = ContentView.swift; sourceTree = "<group>"; };
		E62AF4D32C8FEF8F009764C1 /* Assets.xcassets */ = {isa = PBXFileReference; lastKnownFileType = folder.assetcatalog; path = Assets.xcassets; sourceTree = "<group>"; };
		E62AF4D62C8FEF8F009764C1 /* Preview Assets.xcassets */ = {isa = PBXFileReference; lastKnownFileType = folder.assetcatalog; path = "Preview Assets.xcassets"; sourceTree = "<group>"; };
		E62AF4DF2C8FEFC5009764C1 /* MapView.swift */ = {isa = PBXFileReference; lastKnownFileType = sourcecode.swift; path = MapView.swift; sourceTree = "<group>"; };
		E62AF4E12C8FF00D009764C1 /* CircleImage.swift */ = {isa = PBXFileReference; lastKnownFileType = sourcecode.swift; path = CircleImage.swift; sourceTree = "<group>"; };
		E62AF4E32C8FF05B009764C1 /* landmarkData.json */ = {isa = PBXFileReference; fileEncoding = 4; lastKnownFileType = text.json; path = landmarkData.json; sourceTree = "<group>"; };
		E62AF4E52C8FF085009764C1 /* LandmarkRow.swift */ = {isa = PBXFileReference; lastKnownFileType = sourcecode.swift; path = LandmarkRow.swift; sourceTree = "<group>"; };
		E62AF4E72C8FF0BE009764C1 /* Landmark.swift */ = {isa = PBXFileReference; lastKnownFileType = sourcecode.swift; path = Landmark.swift; sourceTree = "<group>"; };
		E62AF4E92C8FF0D4009764C1 /* ModelData.swift */ = {isa = PBXFileReference; lastKnownFileType = sourcecode.swift; path = ModelData.swift; sourceTree = "<group>"; };
		E62AF4EB2C8FF30C009764C1 /* LandmarksList.swift */ = {isa = PBXFileReference; lastKnownFileType = sourcecode.swift; path = LandmarksList.swift; sourceTree = "<group>"; };
		E62AF4ED2C8FF3EE009764C1 /* LandmarkDetail.swift */ = {isa = PBXFileReference; lastKnownFileType = sourcecode.swift; path = LandmarkDetail.swift; sourceTree = "<group>"; };
		E62AF4EF2C900212009764C1 /* FavoriteButton.swift */ = {isa = PBXFileReference; lastKnownFileType = sourcecode.swift; path = FavoriteButton.swift; sourceTree = "<group>"; };
/* End PBXFileReference section */

/* Begin PBXFrameworksBuildPhase section */
		E62AF4C92C8FEF8D009764C1 /* Frameworks */ = {
			isa = PBXFrameworksBuildPhase;
			buildActionMask = 2147483647;
			files = (
			);
			runOnlyForDeploymentPostprocessing = 0;
		};
/* End PBXFrameworksBuildPhase section */

/* Begin PBXGroup section */
		E62AF4C32C8FEF8D009764C1 = {
			isa = PBXGroup;
			children = (
				E62AF4CE2C8FEF8D009764C1 /* Landmarks */,
				E62AF4CD2C8FEF8D009764C1 /* Products */,
			);
			sourceTree = "<group>";
		};
		E62AF4CD2C8FEF8D009764C1 /* Products */ = {
			isa = PBXGroup;
			children = (
				E62AF4CC2C8FEF8D009764C1 /* Landmarks.app */,
			);
			name = Products;
			sourceTree = "<group>";
		};
		E62AF4CE2C8FEF8D009764C1 /* Landmarks */ = {
			isa = PBXGroup;
			children = (
				E62AF4E32C8FF05B009764C1 /* landmarkData.json */,
				E62AF4DE2C8FEFB0009764C1 /* Views */,
				E62AF4DD2C8FEFA5009764C1 /* Models */,
				E62AF4CF2C8FEF8D009764C1 /* LandmarksApp.swift */,
				E62AF4D32C8FEF8F009764C1 /* Assets.xcassets */,
				E62AF4D52C8FEF8F009764C1 /* Preview Content */,
			);
			path = Landmarks;
			sourceTree = "<group>";
		};
		E62AF4D52C8FEF8F009764C1 /* Preview Content */ = {
			isa = PBXGroup;
			children = (
				E62AF4D62C8FEF8F009764C1 /* Preview Assets.xcassets */,
			);
			path = "Preview Content";
			sourceTree = "<group>";
		};
		E62AF4DD2C8FEFA5009764C1 /* Models */ = {
			isa = PBXGroup;
			children = (
				E62AF4E72C8FF0BE009764C1 /* Landmark.swift */,
				E62AF4E92C8FF0D4009764C1 /* ModelData.swift */,
			);
			path = Models;
			sourceTree = "<group>";
		};
		E62AF4DE2C8FEFB0009764C1 /* Views */ = {
			isa = PBXGroup;
			children = (
				E62AF4D12C8FEF8D009764C1 /* ContentView.swift */,
				E62AF4F22C90039C009764C1 /* Helper */,
				E62AF4F12C90035C009764C1 /* Landmarks */,
			);
			path = Views;
			sourceTree = "<group>";
		};
		E62AF4F12C90035C009764C1 /* Landmarks */ = {
			isa = PBXGroup;
			children = (
				E62AF4EB2C8FF30C009764C1 /* LandmarksList.swift */,
				E62AF4ED2C8FF3EE009764C1 /* LandmarkDetail.swift */,
				E62AF4E52C8FF085009764C1 /* LandmarkRow.swift */,
			);
			path = Landmarks;
			sourceTree = "<group>";
		};
		E62AF4F22C90039C009764C1 /* Helper */ = {
			isa = PBXGroup;
			children = (
				E62AF4E12C8FF00D009764C1 /* CircleImage.swift */,
				E62AF4DF2C8FEFC5009764C1 /* MapView.swift */,
				E62AF4EF2C900212009764C1 /* FavoriteButton.swift */,
			);
			path = Helper;
			sourceTree = "<group>";
		};
/* End PBXGroup section */

/* Begin PBXNativeTarget section */
		E62AF4CB2C8FEF8D009764C1 /* Landmarks */ = {
			isa = PBXNativeTarget;
			buildConfigurationList = E62AF4DA2C8FEF8F009764C1 /* Build configuration list for PBXNativeTarget "Landmarks" */;
			buildPhases = (
				E62AF4C82C8FEF8D009764C1 /* Sources */,
				E62AF4C92C8FEF8D009764C1 /* Frameworks */,
				E62AF4CA2C8FEF8D009764C1 /* Resources */,
			);
			buildRules = (
			);
			dependencies = (
			);
			name = Landmarks;
			productName = Landmarks;
			productReference = E62AF4CC2C8FEF8D009764C1 /* Landmarks.app */;
			productType = "com.apple.product-type.application";
		};
/* End PBXNativeTarget section */

/* Begin PBXProject section */
		E62AF4C42C8FEF8D009764C1 /* Project object */ = {
			isa = PBXProject;
			attributes = {
				BuildIndependentTargetsInParallel = 1;
				LastSwiftUpdateCheck = 1540;
				LastUpgradeCheck = 1540;
				TargetAttributes = {
					E62AF4CB2C8FEF8D009764C1 = {
						CreatedOnToolsVersion = 15.4;
					};
				};
			};
			buildConfigurationList = E62AF4C72C8FEF8D009764C1 /* Build configuration list for PBXProject "Landmarks" */;
			compatibilityVersion = "Xcode 14.0";
			developmentRegion = en;
			hasScannedForEncodings = 0;
			knownRegions = (
				en,
				Base,
			);
			mainGroup = E62AF4C32C8FEF8D009764C1;
			productRefGroup = E62AF4CD2C8FEF8D009764C1 /* Products */;
			projectDirPath = "";
			projectRoot = "";
			targets = (
				E62AF4CB2C8FEF8D009764C1 /* Landmarks */,
			);
		};
/* End PBXProject section */

/* Begin PBXResourcesBuildPhase section */
		E62AF4CA2C8FEF8D009764C1 /* Resources */ = {
			isa = PBXResourcesBuildPhase;
			buildActionMask = 2147483647;
			files = (
				E62AF4D72C8FEF8F009764C1 /* Preview Assets.xcassets in Resources */,
				E62AF4D42C8FEF8F009764C1 /* Assets.xcassets in Resources */,
				E62AF4E42C8FF05B009764C1 /* landmarkData.json in Resources */,
			);
			runOnlyForDeploymentPostprocessing = 0;
		};
/* End PBXResourcesBuildPhase section */

/* Begin PBXSourcesBuildPhase section */
		E62AF4C82C8FEF8D009764C1 /* Sources */ = {
			isa = PBXSourcesBuildPhase;
			buildActionMask = 2147483647;
			files = (
				E62AF4D22C8FEF8D009764C1 /* ContentView.swift in Sources */,
				E62AF4E22C8FF00D009764C1 /* CircleImage.swift in Sources */,
				E62AF4E02C8FEFC5009764C1 /* MapView.swift in Sources */,
				E62AF4F02C900212009764C1 /* FavoriteButton.swift in Sources */,
				E62AF4E62C8FF085009764C1 /* LandmarkRow.swift in Sources */,
				E62AF4EE2C8FF3EE009764C1 /* LandmarkDetail.swift in Sources */,
				E62AF4D02C8FEF8D009764C1 /* LandmarksApp.swift in Sources */,
				E62AF4E82C8FF0BE009764C1 /* Landmark.swift in Sources */,
				E62AF4EA2C8FF0D4009764C1 /* ModelData.swift in Sources */,
				E62AF4EC2C8FF30C009764C1 /* LandmarksList.swift in Sources */,
			);
			runOnlyForDeploymentPostprocessing = 0;
		};
/* End PBXSourcesBuildPhase section */

/* Begin XCBuildConfiguration section */
		E62AF4D82C8FEF8F009764C1 /* Debug */ = {
			isa = XCBuildConfiguration;
			buildSettings = {
				ALWAYS_SEARCH_USER_PATHS = NO;
				ASSETCATALOG_COMPILER_GENERATE_SWIFT_ASSET_SYMBOL_EXTENSIONS = YES;
				CLANG_ANALYZER_NONNULL = YES;
				CLANG_ANALYZER_NUMBER_OBJECT_CONVERSION = YES_AGGRESSIVE;
				CLANG_CXX_LANGUAGE_STANDARD = "gnu++20";
				CLANG_ENABLE_MODULES = YES;
				CLANG_ENABLE_OBJC_ARC = YES;
				CLANG_ENABLE_OBJC_WEAK = YES;
				CLANG_WARN_BLOCK_CAPTURE_AUTORELEASING = YES;
				CLANG_WARN_BOOL_CONVERSION = YES;
				CLANG_WARN_COMMA = YES;
				CLANG_WARN_CONSTANT_CONVERSION = YES;
				CLANG_WARN_DEPRECATED_OBJC_IMPLEMENTATIONS = YES;
				CLANG_WARN_DIRECT_OBJC_ISA_USAGE = YES_ERROR;
				CLANG_WARN_DOCUMENTATION_COMMENTS = YES;
				CLANG_WARN_EMPTY_BODY = YES;
				CLANG_WARN_ENUM_CONVERSION = YES;
				CLANG_WARN_INFINITE_RECURSION = YES;
				CLANG_WARN_INT_CONVERSION = YES;
				CLANG_WARN_NON_LITERAL_NULL_CONVERSION = YES;
				CLANG_WARN_OBJC_IMPLICIT_RETAIN_SELF = YES;
				CLANG_WARN_OBJC_LITERAL_CONVERSION = YES;
				CLANG_WARN_OBJC_ROOT_CLASS = YES_ERROR;
				CLANG_WARN_QUOTED_INCLUDE_IN_FRAMEWORK_HEADER = YES;
				CLANG_WARN_RANGE_LOOP_ANALYSIS = YES;
				CLANG_WARN_STRICT_PROTOTYPES = YES;
				CLANG_WARN_SUSPICIOUS_MOVE = YES;
				CLANG_WARN_UNGUARDED_AVAILABILITY = YES_AGGRESSIVE;
				CLANG_WARN_UNREACHABLE_CODE = YES;
				CLANG_WARN__DUPLICATE_METHOD_MATCH = YES;
				COPY_PHASE_STRIP = NO;
				DEBUG_INFORMATION_FORMAT = dwarf;
				ENABLE_STRICT_OBJC_MSGSEND = YES;
				ENABLE_TESTABILITY = YES;
				ENABLE_USER_SCRIPT_SANDBOXING = YES;
				GCC_C_LANGUAGE_STANDARD = gnu17;
				GCC_DYNAMIC_NO_PIC = NO;
				GCC_NO_COMMON_BLOCKS = YES;
				GCC_OPTIMIZATION_LEVEL = 0;
				GCC_PREPROCESSOR_DEFINITIONS = (
					"DEBUG=1",
					"$(inherited)",
				);
				GCC_WARN_64_TO_32_BIT_CONVERSION = YES;
				GCC_WARN_ABOUT_RETURN_TYPE = YES_ERROR;
				GCC_WARN_UNDECLARED_SELECTOR = YES;
				GCC_WARN_UNINITIALIZED_AUTOS = YES_AGGRESSIVE;
				GCC_WARN_UNUSED_FUNCTION = YES;
				GCC_WARN_UNUSED_VARIABLE = YES;
				IPHONEOS_DEPLOYMENT_TARGET = 17.5;
				LOCALIZATION_PREFERS_STRING_CATALOGS = YES;
				MTL_ENABLE_DEBUG_INFO = INCLUDE_SOURCE;
				MTL_FAST_MATH = YES;
				ONLY_ACTIVE_ARCH = YES;
				SDKROOT = iphoneos;
				SWIFT_ACTIVE_COMPILATION_CONDITIONS = "DEBUG $(inherited)";
				SWIFT_OPTIMIZATION_LEVEL = "-Onone";
			};
			name = Debug;
		};
		E62AF4D92C8FEF8F009764C1 /* Release */ = {
			isa = XCBuildConfiguration;
			buildSettings = {
				ALWAYS_SEARCH_USER_PATHS = NO;
				ASSETCATALOG_COMPILER_GENERATE_SWIFT_ASSET_SYMBOL_EXTENSIONS = YES;
				CLANG_ANALYZER_NONNULL = YES;
				CLANG_ANALYZER_NUMBER_OBJECT_CONVERSION = YES_AGGRESSIVE;
				CLANG_CXX_LANGUAGE_STANDARD = "gnu++20";
				CLANG_ENABLE_MODULES = YES;
				CLANG_ENABLE_OBJC_ARC = YES;
				CLANG_ENABLE_OBJC_WEAK = YES;
				CLANG_WARN_BLOCK_CAPTURE_AUTORELEASING = YES;
				CLANG_WARN_BOOL_CONVERSION = YES;
				CLANG_WARN_COMMA = YES;
				CLANG_WARN_CONSTANT_CONVERSION = YES;
				CLANG_WARN_DEPRECATED_OBJC_IMPLEMENTATIONS = YES;
				CLANG_WARN_DIRECT_OBJC_ISA_USAGE = YES_ERROR;
				CLANG_WARN_DOCUMENTATION_COMMENTS = YES;
				CLANG_WARN_EMPTY_BODY = YES;
				CLANG_WARN_ENUM_CONVERSION = YES;
				CLANG_WARN_INFINITE_RECURSION = YES;
				CLANG_WARN_INT_CONVERSION = YES;
				CLANG_WARN_NON_LITERAL_NULL_CONVERSION = YES;
				CLANG_WARN_OBJC_IMPLICIT_RETAIN_SELF = YES;
				CLANG_WARN_OBJC_LITERAL_CONVERSION = YES;
				CLANG_WARN_OBJC_ROOT_CLASS = YES_ERROR;
				CLANG_WARN_QUOTED_INCLUDE_IN_FRAMEWORK_HEADER = YES;
				CLANG_WARN_RANGE_LOOP_ANALYSIS = YES;
				CLANG_WARN_STRICT_PROTOTYPES = YES;
				CLANG_WARN_SUSPICIOUS_MOVE = YES;
				CLANG_WARN_UNGUARDED_AVAILABILITY = YES_AGGRESSIVE;
				CLANG_WARN_UNREACHABLE_CODE = YES;
				CLANG_WARN__DUPLICATE_METHOD_MATCH = YES;
				COPY_PHASE_STRIP = NO;
				DEBUG_INFORMATION_FORMAT = "dwarf-with-dsym";
				ENABLE_NS_ASSERTIONS = NO;
				ENABLE_STRICT_OBJC_MSGSEND = YES;
				ENABLE_USER_SCRIPT_SANDBOXING = YES;
				GCC_C_LANGUAGE_STANDARD = gnu17;
				GCC_NO_COMMON_BLOCKS = YES;
				GCC_WARN_64_TO_32_BIT_CONVERSION = YES;
				GCC_WARN_ABOUT_RETURN_TYPE = YES_ERROR;
				GCC_WARN_UNDECLARED_SELECTOR = YES;
				GCC_WARN_UNINITIALIZED_AUTOS = YES_AGGRESSIVE;
				GCC_WARN_UNUSED_FUNCTION = YES;
				GCC_WARN_UNUSED_VARIABLE = YES;
				IPHONEOS_DEPLOYMENT_TARGET = 17.5;
				LOCALIZATION_PREFERS_STRING_CATALOGS = YES;
				MTL_ENABLE_DEBUG_INFO = NO;
				MTL_FAST_MATH = YES;
				SDKROOT = iphoneos;
				SWIFT_COMPILATION_MODE = wholemodule;
				VALIDATE_PRODUCT = YES;
			};
			name = Release;
		};
		E62AF4DB2C8FEF8F009764C1 /* Debug */ = {
			isa = XCBuildConfiguration;
			buildSettings = {
				ASSETCATALOG_COMPILER_APPICON_NAME = AppIcon;
				ASSETCATALOG_COMPILER_GLOBAL_ACCENT_COLOR_NAME = AccentColor;
				CODE_SIGN_STYLE = Automatic;
				CURRENT_PROJECT_VERSION = 1;
				DEVELOPMENT_ASSET_PATHS = "\"Landmarks/Preview Content\"";
				DEVELOPMENT_TEAM = 2AWB66Q34B;
				ENABLE_PREVIEWS = YES;
				GENERATE_INFOPLIST_FILE = YES;
				INFOPLIST_KEY_UIApplicationSceneManifest_Generation = YES;
				INFOPLIST_KEY_UIApplicationSupportsIndirectInputEvents = YES;
				INFOPLIST_KEY_UILaunchScreen_Generation = YES;
				INFOPLIST_KEY_UISupportedInterfaceOrientations_iPad = "UIInterfaceOrientationPortrait UIInterfaceOrientationPortraitUpsideDown UIInterfaceOrientationLandscapeLeft UIInterfaceOrientationLandscapeRight";
				INFOPLIST_KEY_UISupportedInterfaceOrientations_iPhone = "UIInterfaceOrientationPortrait UIInterfaceOrientationLandscapeLeft UIInterfaceOrientationLandscapeRight";
				LD_RUNPATH_SEARCH_PATHS = (
					"$(inherited)",
					"@executable_path/Frameworks",
				);
				MARKETING_VERSION = 1.0;
				PRODUCT_BUNDLE_IDENTIFIER = tec.mx.isidro.Landmarks;
				PRODUCT_NAME = "$(TARGET_NAME)";
				SWIFT_EMIT_LOC_STRINGS = YES;
				SWIFT_VERSION = 5.0;
				TARGETED_DEVICE_FAMILY = "1,2";
			};
			name = Debug;
		};
		E62AF4DC2C8FEF8F009764C1 /* Release */ = {
			isa = XCBuildConfiguration;
			buildSettings = {
				ASSETCATALOG_COMPILER_APPICON_NAME = AppIcon;
				ASSETCATALOG_COMPILER_GLOBAL_ACCENT_COLOR_NAME = AccentColor;
				CODE_SIGN_STYLE = Automatic;
				CURRENT_PROJECT_VERSION = 1;
				DEVELOPMENT_ASSET_PATHS = "\"Landmarks/Preview Content\"";
				DEVELOPMENT_TEAM = 2AWB66Q34B;
				ENABLE_PREVIEWS = YES;
				GENERATE_INFOPLIST_FILE = YES;
				INFOPLIST_KEY_UIApplicationSceneManifest_Generation = YES;
				INFOPLIST_KEY_UIApplicationSupportsIndirectInputEvents = YES;
				INFOPLIST_KEY_UILaunchScreen_Generation = YES;
				INFOPLIST_KEY_UISupportedInterfaceOrientations_iPad = "UIInterfaceOrientationPortrait UIInterfaceOrientationPortraitUpsideDown UIInterfaceOrientationLandscapeLeft UIInterfaceOrientationLandscapeRight";
				INFOPLIST_KEY_UISupportedInterfaceOrientations_iPhone = "UIInterfaceOrientationPortrait UIInterfaceOrientationLandscapeLeft UIInterfaceOrientationLandscapeRight";
				LD_RUNPATH_SEARCH_PATHS = (
					"$(inherited)",
					"@executable_path/Frameworks",
				);
				MARKETING_VERSION = 1.0;
				PRODUCT_BUNDLE_IDENTIFIER = tec.mx.isidro.Landmarks;
				PRODUCT_NAME = "$(TARGET_NAME)";
				SWIFT_EMIT_LOC_STRINGS = YES;
				SWIFT_VERSION = 5.0;
				TARGETED_DEVICE_FAMILY = "1,2";
			};
			name = Release;
		};
/* End XCBuildConfiguration section */

/* Begin XCConfigurationList section */
		E62AF4C72C8FEF8D009764C1 /* Build configuration list for PBXProject "Landmarks" */ = {
			isa = XCConfigurationList;
			buildConfigurations = (
				E62AF4D82C8FEF8F009764C1 /* Debug */,
				E62AF4D92C8FEF8F009764C1 /* Release */,
			);
			defaultConfigurationIsVisible = 0;
			defaultConfigurationName = Release;
		};
		E62AF4DA2C8FEF8F009764C1 /* Build configuration list for PBXNativeTarget "Landmarks" */ = {
			isa = XCConfigurationList;
			buildConfigurations = (
				E62AF4DB2C8FEF8F009764C1 /* Debug */,
				E62AF4DC2C8FEF8F009764C1 /* Release */,
			);
			defaultConfigurationIsVisible = 0;
			defaultConfigurationName = Release;
		};
/* End XCConfigurationList section */
	};
	rootObject = E62AF4C42C8FEF8D009764C1 /* Project object */;
}
